
Microsoft Visual Studio Solution File, Format Version 12.00
# Visual Studio 15
VisualStudioVersion = 15.0.26730.16
MinimumVisualStudioVersion = 10.0.40219.1
Project("{FAE04EC0-301F-11D3-BF4B-00C04F79EFBC}") = "Homework7", "homework7\Homework7.csproj", "{7987D2D8-8E1A-4C60-95FB-5E5C0D941626}"
EndProject
Global
	GlobalSection(SolutionConfigurationPlatforms) = preSolution
		Debug|Any CPU = Debug|Any CPU
		Release|Any CPU = Release|Any CPU
	EndGlobalSection
	GlobalSection(ProjectConfigurationPlatforms) = postSolution
		{7987D2D8-8E1A-4C60-95FB-5E5C0D941626}.Debug|Any CPU.ActiveCfg = Debug|Any CPU
		{7987D2D8-8E1A-4C60-95FB-5E5C0D941626}.Debug|Any CPU.Build.0 = Debug|Any CPU
		{7987D2D8-8E1A-4C60-95FB-5E5C0D941626}.Release|Any CPU.ActiveCfg = Release|Any CPU
		{7987D2D8-8E1A-4C60-95FB-5E5C0D941626}.Release|Any CPU.Build.0 = Release|Any CPU
	EndGlobalSection
	GlobalSection(SolutionProperties) = preSolution
		HideSolutionNode = FALSE
	EndGlobalSection
	GlobalSection(ExtensibilityGlobals) = postSolution
		SolutionGuid = {1CF402F9-7E08-471F-B237-C30EAD2D38D1}
	EndGlobalSection
EndGlobal
